// !$*UTF8*$!
{
	archiveVersion = 1;
	classes = {
	};
	objectVersion = 51;
	objects = {

/* Begin PBXBuildFile section */
		3B326B1B22089C88005DAE1E /* VerIDUI.h in Headers */ = {isa = PBXBuildFile; fileRef = 3B326B1922089C88005DAE1E /* VerIDUI.h */; settings = {ATTRIBUTES = (Public, ); }; };
		3B3FF91D23A10BA200156A59 /* VerIDViewController.xib in Resources */ = {isa = PBXBuildFile; fileRef = 3B3FF91823A10BA200156A59 /* VerIDViewController.xib */; };
		3B3FF91E23A10BA200156A59 /* Tips.storyboard in Resources */ = {isa = PBXBuildFile; fileRef = 3B3FF91923A10BA200156A59 /* Tips.storyboard */; };
		3B3FF91F23A10BA200156A59 /* FaceDetectionAlertController.xib in Resources */ = {isa = PBXBuildFile; fileRef = 3B3FF91A23A10BA200156A59 /* FaceDetectionAlertController.xib */; };
		3B3FF92023A10BA200156A59 /* Result.storyboard in Resources */ = {isa = PBXBuildFile; fileRef = 3B3FF91B23A10BA200156A59 /* Result.storyboard */; };
		3B3FF92123A10BA200156A59 /* VerIDRegistrationViewController.xib in Resources */ = {isa = PBXBuildFile; fileRef = 3B3FF91C23A10BA200156A59 /* VerIDRegistrationViewController.xib */; };
		3B564B21234276EE008B3FCD /* TranslatedStrings.swift in Sources */ = {isa = PBXBuildFile; fileRef = 3B564B1F234276ED008B3FCD /* TranslatedStrings.swift */; };
		3B564B22234276EE008B3FCD /* TipPageViewController.swift in Sources */ = {isa = PBXBuildFile; fileRef = 3B564B20234276ED008B3FCD /* TipPageViewController.swift */; };
		3B564B34234277FB008B3FCD /* fr_CA.xml in Resources */ = {isa = PBXBuildFile; fileRef = 3B564B31234277FB008B3FCD /* fr_CA.xml */; };
		3B564B35234277FB008B3FCD /* es_US.xml in Resources */ = {isa = PBXBuildFile; fileRef = 3B564B32234277FB008B3FCD /* es_US.xml */; };
		3B564B36234277FB008B3FCD /* vi.xml in Resources */ = {isa = PBXBuildFile; fileRef = 3B564B33234277FB008B3FCD /* vi.xml */; };
		3B56E809220B668700004F94 /* Media.xcassets in Resources */ = {isa = PBXBuildFile; fileRef = 3B56E808220B668700004F94 /* Media.xcassets */; };
		3B56E80E220B674E00004F94 /* liveness_detection_2.mp4 in Resources */ = {isa = PBXBuildFile; fileRef = 3B56E80A220B674D00004F94 /* liveness_detection_2.mp4 */; };
		3B56E80F220B674E00004F94 /* liveness_detection_3.mp4 in Resources */ = {isa = PBXBuildFile; fileRef = 3B56E80B220B674D00004F94 /* liveness_detection_3.mp4 */; };
		3B56E810220B674E00004F94 /* registration_2.mp4 in Resources */ = {isa = PBXBuildFile; fileRef = 3B56E80C220B674D00004F94 /* registration_2.mp4 */; };
		3B56E811220B674E00004F94 /* registration_3.mp4 in Resources */ = {isa = PBXBuildFile; fileRef = 3B56E80D220B674E00004F94 /* registration_3.mp4 */; };
		3B6A70DA2208BC3C00B137C4 /* TipsViewController.swift in Sources */ = {isa = PBXBuildFile; fileRef = 3B6A70D32208BC3B00B137C4 /* TipsViewController.swift */; };
		3B6A70DB2208BC3C00B137C4 /* ResultViewController.swift in Sources */ = {isa = PBXBuildFile; fileRef = 3B6A70D42208BC3B00B137C4 /* ResultViewController.swift */; };
		3B6A70DC2208BC3C00B137C4 /* VerIDViewController.swift in Sources */ = {isa = PBXBuildFile; fileRef = 3B6A70D52208BC3B00B137C4 /* VerIDViewController.swift */; };
		3B6A70DF2208BC3C00B137C4 /* VerIDRegistrationViewController.swift in Sources */ = {isa = PBXBuildFile; fileRef = 3B6A70D82208BC3C00B137C4 /* VerIDRegistrationViewController.swift */; };
		3B6A70E02208BC3C00B137C4 /* FaceDetectionAlertController.swift in Sources */ = {isa = PBXBuildFile; fileRef = 3B6A70D92208BC3C00B137C4 /* FaceDetectionAlertController.swift */; };
		3B6A70E62208BD8400B137C4 /* PaddedRoundedLabel.swift in Sources */ = {isa = PBXBuildFile; fileRef = 3B6A70E22208BD8300B137C4 /* PaddedRoundedLabel.swift */; };
		3B6A70E72208BD8400B137C4 /* FaceOvalLayer.swift in Sources */ = {isa = PBXBuildFile; fileRef = 3B6A70E32208BD8400B137C4 /* FaceOvalLayer.swift */; };
		3B6A70E82208BD8400B137C4 /* CameraPreviewView.swift in Sources */ = {isa = PBXBuildFile; fileRef = 3B6A70E42208BD8400B137C4 /* CameraPreviewView.swift */; };
		3B6A70EB2208C29300B137C4 /* Session.swift in Sources */ = {isa = PBXBuildFile; fileRef = 3B6A70EA2208C29300B137C4 /* Session.swift */; };
		3B6A70ED2208CCCF00B137C4 /* VerIDViewControllerDelegate.swift in Sources */ = {isa = PBXBuildFile; fileRef = 3B6A70EC2208CCCF00B137C4 /* VerIDViewControllerDelegate.swift */; };
		3B6A9FFD23427C13000CED49 /* right_down_2.mp4 in Resources */ = {isa = PBXBuildFile; fileRef = 3B6A9FEB23427C12000CED49 /* right_down_2.mp4 */; };
		3B6A9FFE23427C13000CED49 /* left_2.mp4 in Resources */ = {isa = PBXBuildFile; fileRef = 3B6A9FEC23427C12000CED49 /* left_2.mp4 */; };
		3B6A9FFF23427C13000CED49 /* right_2.mp4 in Resources */ = {isa = PBXBuildFile; fileRef = 3B6A9FED23427C12000CED49 /* right_2.mp4 */; };
		3B6AA00023427C13000CED49 /* up_to_centre_2.mp4 in Resources */ = {isa = PBXBuildFile; fileRef = 3B6A9FEE23427C12000CED49 /* up_to_centre_2.mp4 */; };
		3B6AA00123427C13000CED49 /* up_3.mp4 in Resources */ = {isa = PBXBuildFile; fileRef = 3B6A9FEF23427C12000CED49 /* up_3.mp4 */; };
		3B6AA00223427C13000CED49 /* right_up_3.mp4 in Resources */ = {isa = PBXBuildFile; fileRef = 3B6A9FF023427C12000CED49 /* right_up_3.mp4 */; };
		3B6AA00323427C13000CED49 /* up_to_centre_3.mp4 in Resources */ = {isa = PBXBuildFile; fileRef = 3B6A9FF123427C12000CED49 /* up_to_centre_3.mp4 */; };
		3B6AA00423427C13000CED49 /* left_3.mp4 in Resources */ = {isa = PBXBuildFile; fileRef = 3B6A9FF223427C12000CED49 /* left_3.mp4 */; };
		3B6AA00523427C13000CED49 /* left_up_2.mp4 in Resources */ = {isa = PBXBuildFile; fileRef = 3B6A9FF323427C12000CED49 /* left_up_2.mp4 */; };
		3B6AA00623427C13000CED49 /* down_3.mp4 in Resources */ = {isa = PBXBuildFile; fileRef = 3B6A9FF423427C12000CED49 /* down_3.mp4 */; };
		3B6AA00723427C13000CED49 /* left_up_3.mp4 in Resources */ = {isa = PBXBuildFile; fileRef = 3B6A9FF523427C12000CED49 /* left_up_3.mp4 */; };
		3B6AA00823427C13000CED49 /* right_down_3.mp4 in Resources */ = {isa = PBXBuildFile; fileRef = 3B6A9FF623427C12000CED49 /* right_down_3.mp4 */; };
		3B6AA00923427C13000CED49 /* left_down_2.mp4 in Resources */ = {isa = PBXBuildFile; fileRef = 3B6A9FF723427C12000CED49 /* left_down_2.mp4 */; };
		3B6AA00A23427C13000CED49 /* right_3.mp4 in Resources */ = {isa = PBXBuildFile; fileRef = 3B6A9FF823427C12000CED49 /* right_3.mp4 */; };
		3B6AA00B23427C13000CED49 /* down_2.mp4 in Resources */ = {isa = PBXBuildFile; fileRef = 3B6A9FF923427C12000CED49 /* down_2.mp4 */; };
		3B6AA00C23427C13000CED49 /* left_down_3.mp4 in Resources */ = {isa = PBXBuildFile; fileRef = 3B6A9FFA23427C13000CED49 /* left_down_3.mp4 */; };
		3B6AA00D23427C13000CED49 /* right_up_2.mp4 in Resources */ = {isa = PBXBuildFile; fileRef = 3B6A9FFB23427C13000CED49 /* right_up_2.mp4 */; };
		3B6AA00E23427C13000CED49 /* up_2.mp4 in Resources */ = {isa = PBXBuildFile; fileRef = 3B6A9FFC23427C13000CED49 /* up_2.mp4 */; };
		3B6C698C23A0227B0082AFF5 /* BaseAppDelegate.swift in Sources */ = {isa = PBXBuildFile; fileRef = 3B6C698B23A0227B0082AFF5 /* BaseAppDelegate.swift */; };
		3B86C3B522F39DFE00FA9FC7 /* VerIDSessionViewDelegate.swift in Sources */ = {isa = PBXBuildFile; fileRef = 3B86C3B422F39DFE00FA9FC7 /* VerIDSessionViewDelegate.swift */; };
		3B8C109F240D87900087ACA5 /* Globals.swift in Sources */ = {isa = PBXBuildFile; fileRef = 3B8C109E240D87900087ACA5 /* Globals.swift */; };
		3B9849AD2406C08300DF2B5F /* Ver-ID identity.p12 in Resources */ = {isa = PBXBuildFile; fileRef = 3B9849AC2406C08300DF2B5F /* Ver-ID identity.p12 */; };
		3B9849B12408535C00DF2B5F /* Pods_VerIDUI.framework in Frameworks */ = {isa = PBXBuildFile; fileRef = 3B9849B02408535C00DF2B5F /* Pods_VerIDUI.framework */; };
		3B9849B42408588900DF2B5F /* Pods_Ver_ID_Sample.framework in Frameworks */ = {isa = PBXBuildFile; fileRef = A346AB21A2374F6B782D2223 /* Pods_Ver_ID_Sample.framework */; };
		3BB2045A221425BF00B3B312 /* MainViewController.swift in Sources */ = {isa = PBXBuildFile; fileRef = 3BB2044E221425BE00B3B312 /* MainViewController.swift */; };
		3BB2045B221425BF00B3B312 /* VerIDUser.swift in Sources */ = {isa = PBXBuildFile; fileRef = 3BB2044F221425BE00B3B312 /* VerIDUser.swift */; };
		3BB2045D221425BF00B3B312 /* ExportCodeViewController.swift in Sources */ = {isa = PBXBuildFile; fileRef = 3BB20451221425BE00B3B312 /* ExportCodeViewController.swift */; };
		3BB2045E221425BF00B3B312 /* RegistrationData.swift in Sources */ = {isa = PBXBuildFile; fileRef = 3BB20452221425BE00B3B312 /* RegistrationData.swift */; };
		3BB2045F221425BF00B3B312 /* RegistrationDownloading.swift in Sources */ = {isa = PBXBuildFile; fileRef = 3BB20453221425BF00B3B312 /* RegistrationDownloading.swift */; };
		3BB20460221425BF00B3B312 /* QRCodeScanViewController.swift in Sources */ = {isa = PBXBuildFile; fileRef = 3BB20454221425BF00B3B312 /* QRCodeScanViewController.swift */; };
		3BB20462221425BF00B3B312 /* IntroViewController.swift in Sources */ = {isa = PBXBuildFile; fileRef = 3BB20456221425BF00B3B312 /* IntroViewController.swift */; };
		3BB20463221425BF00B3B312 /* RegistrationUploading.swift in Sources */ = {isa = PBXBuildFile; fileRef = 3BB20457221425BF00B3B312 /* RegistrationUploading.swift */; };
		3BB20464221425BF00B3B312 /* RegistrationImportViewController.swift in Sources */ = {isa = PBXBuildFile; fileRef = 3BB20458221425BF00B3B312 /* RegistrationImportViewController.swift */; };
		3BB20465221425BF00B3B312 /* ErrorViewController.swift in Sources */ = {isa = PBXBuildFile; fileRef = 3BB20459221425BF00B3B312 /* ErrorViewController.swift */; };
		3BB204672214263600B3B312 /* AppDelegate.swift in Sources */ = {isa = PBXBuildFile; fileRef = 3BB204662214263600B3B312 /* AppDelegate.swift */; };
		3BB20468221428AE00B3B312 /* LaunchScreen.storyboard in Resources */ = {isa = PBXBuildFile; fileRef = 3BB2046A221428AE00B3B312 /* LaunchScreen.storyboard */; };
		3BB2046B221428B900B3B312 /* Main.storyboard in Resources */ = {isa = PBXBuildFile; fileRef = 3BB2046D221428B900B3B312 /* Main.storyboard */; };
		3BC55B6C2236E37E00BCDD9D /* CameraViewController.swift in Sources */ = {isa = PBXBuildFile; fileRef = 3BC55B6B2236E37E00BCDD9D /* CameraViewController.swift */; };
		3BE9F36F220AF128002C11BE /* Assets.xcassets in Resources */ = {isa = PBXBuildFile; fileRef = 3BE9F36E220AF128002C11BE /* Assets.xcassets */; };
		3BE9F37B220AF8DC002C11BE /* VerIDUI.framework in Frameworks */ = {isa = PBXBuildFile; fileRef = 3B326B1622089C88005DAE1E /* VerIDUI.framework */; };
		3BE9F37C220AF8DC002C11BE /* VerIDUI.framework in Embed Frameworks */ = {isa = PBXBuildFile; fileRef = 3B326B1622089C88005DAE1E /* VerIDUI.framework */; settings = {ATTRIBUTES = (CodeSignOnCopy, RemoveHeadersOnCopy, ); }; };
		3BE9F3F8220AFD50002C11BE /* SessionViewControllersFactory.swift in Sources */ = {isa = PBXBuildFile; fileRef = 3BE9F3F7220AFD50002C11BE /* SessionViewControllersFactory.swift */; };
/* End PBXBuildFile section */

/* Begin PBXContainerItemProxy section */
		3BE9F377220AF165002C11BE /* PBXContainerItemProxy */ = {
			isa = PBXContainerItemProxy;
			containerPortal = 3B326B0D22089C88005DAE1E /* Project object */;
			proxyType = 1;
			remoteGlobalIDString = 3B326B1522089C88005DAE1E;
			remoteInfo = VerIDUI;
		};
/* End PBXContainerItemProxy section */

/* Begin PBXCopyFilesBuildPhase section */
		3BE9F37D220AF8DD002C11BE /* Embed Frameworks */ = {
			isa = PBXCopyFilesBuildPhase;
			buildActionMask = 2147483647;
			dstPath = "";
			dstSubfolderSpec = 10;
			files = (
				3BE9F37C220AF8DC002C11BE /* VerIDUI.framework in Embed Frameworks */,
			);
			name = "Embed Frameworks";
			runOnlyForDeploymentPostprocessing = 0;
		};
/* End PBXCopyFilesBuildPhase section */

/* Begin PBXFileReference section */
		0BE6176FC74ECC936EE2200F /* Pods-Ver-ID Sample.debug.xcconfig */ = {isa = PBXFileReference; includeInIndex = 1; lastKnownFileType = text.xcconfig; name = "Pods-Ver-ID Sample.debug.xcconfig"; path = "Pods/Target Support Files/Pods-Ver-ID Sample/Pods-Ver-ID Sample.debug.xcconfig"; sourceTree = "<group>"; };
		3B326B1622089C88005DAE1E /* VerIDUI.framework */ = {isa = PBXFileReference; explicitFileType = wrapper.framework; includeInIndex = 0; path = VerIDUI.framework; sourceTree = BUILT_PRODUCTS_DIR; };
		3B326B1922089C88005DAE1E /* VerIDUI.h */ = {isa = PBXFileReference; lastKnownFileType = sourcecode.c.h; path = VerIDUI.h; sourceTree = "<group>"; };
		3B326B1A22089C88005DAE1E /* Info.plist */ = {isa = PBXFileReference; lastKnownFileType = text.plist.xml; path = Info.plist; sourceTree = "<group>"; };
		3B3FF91823A10BA200156A59 /* VerIDViewController.xib */ = {isa = PBXFileReference; fileEncoding = 4; lastKnownFileType = file.xib; path = VerIDViewController.xib; sourceTree = "<group>"; };
		3B3FF91923A10BA200156A59 /* Tips.storyboard */ = {isa = PBXFileReference; fileEncoding = 4; lastKnownFileType = file.storyboard; path = Tips.storyboard; sourceTree = "<group>"; };
		3B3FF91A23A10BA200156A59 /* FaceDetectionAlertController.xib */ = {isa = PBXFileReference; fileEncoding = 4; lastKnownFileType = file.xib; path = FaceDetectionAlertController.xib; sourceTree = "<group>"; };
		3B3FF91B23A10BA200156A59 /* Result.storyboard */ = {isa = PBXFileReference; fileEncoding = 4; lastKnownFileType = file.storyboard; path = Result.storyboard; sourceTree = "<group>"; };
		3B3FF91C23A10BA200156A59 /* VerIDRegistrationViewController.xib */ = {isa = PBXFileReference; fileEncoding = 4; lastKnownFileType = file.xib; path = VerIDRegistrationViewController.xib; sourceTree = "<group>"; };
		3B3FF92223A10C9100156A59 /* Ver-ID-UI.podspec */ = {isa = PBXFileReference; lastKnownFileType = text; path = "Ver-ID-UI.podspec"; sourceTree = SOURCE_ROOT; };
		3B564B1F234276ED008B3FCD /* TranslatedStrings.swift */ = {isa = PBXFileReference; fileEncoding = 4; lastKnownFileType = sourcecode.swift; path = TranslatedStrings.swift; sourceTree = "<group>"; };
		3B564B20234276ED008B3FCD /* TipPageViewController.swift */ = {isa = PBXFileReference; fileEncoding = 4; lastKnownFileType = sourcecode.swift; path = TipPageViewController.swift; sourceTree = "<group>"; };
		3B564B31234277FB008B3FCD /* fr_CA.xml */ = {isa = PBXFileReference; fileEncoding = 4; lastKnownFileType = text.xml; name = fr_CA.xml; path = Localization/fr_CA.xml; sourceTree = "<group>"; };
		3B564B32234277FB008B3FCD /* es_US.xml */ = {isa = PBXFileReference; fileEncoding = 4; lastKnownFileType = text.xml; name = es_US.xml; path = Localization/es_US.xml; sourceTree = "<group>"; };
		3B564B33234277FB008B3FCD /* vi.xml */ = {isa = PBXFileReference; fileEncoding = 4; lastKnownFileType = text.xml; name = vi.xml; path = Localization/vi.xml; sourceTree = "<group>"; };
		3B56E808220B668700004F94 /* Media.xcassets */ = {isa = PBXFileReference; lastKnownFileType = folder.assetcatalog; path = Media.xcassets; sourceTree = "<group>"; };
		3B56E80A220B674D00004F94 /* liveness_detection_2.mp4 */ = {isa = PBXFileReference; lastKnownFileType = file; path = liveness_detection_2.mp4; sourceTree = "<group>"; };
		3B56E80B220B674D00004F94 /* liveness_detection_3.mp4 */ = {isa = PBXFileReference; lastKnownFileType = file; path = liveness_detection_3.mp4; sourceTree = "<group>"; };
		3B56E80C220B674D00004F94 /* registration_2.mp4 */ = {isa = PBXFileReference; lastKnownFileType = file; path = registration_2.mp4; sourceTree = "<group>"; };
		3B56E80D220B674E00004F94 /* registration_3.mp4 */ = {isa = PBXFileReference; lastKnownFileType = file; path = registration_3.mp4; sourceTree = "<group>"; };
		3B6A70D32208BC3B00B137C4 /* TipsViewController.swift */ = {isa = PBXFileReference; fileEncoding = 4; lastKnownFileType = sourcecode.swift; path = TipsViewController.swift; sourceTree = "<group>"; };
		3B6A70D42208BC3B00B137C4 /* ResultViewController.swift */ = {isa = PBXFileReference; fileEncoding = 4; lastKnownFileType = sourcecode.swift; path = ResultViewController.swift; sourceTree = "<group>"; };
		3B6A70D52208BC3B00B137C4 /* VerIDViewController.swift */ = {isa = PBXFileReference; fileEncoding = 4; lastKnownFileType = sourcecode.swift; path = VerIDViewController.swift; sourceTree = "<group>"; };
		3B6A70D82208BC3C00B137C4 /* VerIDRegistrationViewController.swift */ = {isa = PBXFileReference; fileEncoding = 4; lastKnownFileType = sourcecode.swift; path = VerIDRegistrationViewController.swift; sourceTree = "<group>"; };
		3B6A70D92208BC3C00B137C4 /* FaceDetectionAlertController.swift */ = {isa = PBXFileReference; fileEncoding = 4; lastKnownFileType = sourcecode.swift; path = FaceDetectionAlertController.swift; sourceTree = "<group>"; };
		3B6A70E22208BD8300B137C4 /* PaddedRoundedLabel.swift */ = {isa = PBXFileReference; fileEncoding = 4; lastKnownFileType = sourcecode.swift; path = PaddedRoundedLabel.swift; sourceTree = "<group>"; };
		3B6A70E32208BD8400B137C4 /* FaceOvalLayer.swift */ = {isa = PBXFileReference; fileEncoding = 4; lastKnownFileType = sourcecode.swift; path = FaceOvalLayer.swift; sourceTree = "<group>"; };
		3B6A70E42208BD8400B137C4 /* CameraPreviewView.swift */ = {isa = PBXFileReference; fileEncoding = 4; lastKnownFileType = sourcecode.swift; path = CameraPreviewView.swift; sourceTree = "<group>"; };
		3B6A70EA2208C29300B137C4 /* Session.swift */ = {isa = PBXFileReference; lastKnownFileType = sourcecode.swift; path = Session.swift; sourceTree = "<group>"; };
		3B6A70EC2208CCCF00B137C4 /* VerIDViewControllerDelegate.swift */ = {isa = PBXFileReference; lastKnownFileType = sourcecode.swift; path = VerIDViewControllerDelegate.swift; sourceTree = "<group>"; };
		3B6A9FEB23427C12000CED49 /* right_down_2.mp4 */ = {isa = PBXFileReference; lastKnownFileType = file; path = right_down_2.mp4; sourceTree = "<group>"; };
		3B6A9FEC23427C12000CED49 /* left_2.mp4 */ = {isa = PBXFileReference; lastKnownFileType = file; path = left_2.mp4; sourceTree = "<group>"; };
		3B6A9FED23427C12000CED49 /* right_2.mp4 */ = {isa = PBXFileReference; lastKnownFileType = file; path = right_2.mp4; sourceTree = "<group>"; };
		3B6A9FEE23427C12000CED49 /* up_to_centre_2.mp4 */ = {isa = PBXFileReference; lastKnownFileType = file; path = up_to_centre_2.mp4; sourceTree = "<group>"; };
		3B6A9FEF23427C12000CED49 /* up_3.mp4 */ = {isa = PBXFileReference; lastKnownFileType = file; path = up_3.mp4; sourceTree = "<group>"; };
		3B6A9FF023427C12000CED49 /* right_up_3.mp4 */ = {isa = PBXFileReference; lastKnownFileType = file; path = right_up_3.mp4; sourceTree = "<group>"; };
		3B6A9FF123427C12000CED49 /* up_to_centre_3.mp4 */ = {isa = PBXFileReference; lastKnownFileType = file; path = up_to_centre_3.mp4; sourceTree = "<group>"; };
		3B6A9FF223427C12000CED49 /* left_3.mp4 */ = {isa = PBXFileReference; lastKnownFileType = file; path = left_3.mp4; sourceTree = "<group>"; };
		3B6A9FF323427C12000CED49 /* left_up_2.mp4 */ = {isa = PBXFileReference; lastKnownFileType = file; path = left_up_2.mp4; sourceTree = "<group>"; };
		3B6A9FF423427C12000CED49 /* down_3.mp4 */ = {isa = PBXFileReference; lastKnownFileType = file; path = down_3.mp4; sourceTree = "<group>"; };
		3B6A9FF523427C12000CED49 /* left_up_3.mp4 */ = {isa = PBXFileReference; lastKnownFileType = file; path = left_up_3.mp4; sourceTree = "<group>"; };
		3B6A9FF623427C12000CED49 /* right_down_3.mp4 */ = {isa = PBXFileReference; lastKnownFileType = file; path = right_down_3.mp4; sourceTree = "<group>"; };
		3B6A9FF723427C12000CED49 /* left_down_2.mp4 */ = {isa = PBXFileReference; lastKnownFileType = file; path = left_down_2.mp4; sourceTree = "<group>"; };
		3B6A9FF823427C12000CED49 /* right_3.mp4 */ = {isa = PBXFileReference; lastKnownFileType = file; path = right_3.mp4; sourceTree = "<group>"; };
		3B6A9FF923427C12000CED49 /* down_2.mp4 */ = {isa = PBXFileReference; lastKnownFileType = file; path = down_2.mp4; sourceTree = "<group>"; };
		3B6A9FFA23427C13000CED49 /* left_down_3.mp4 */ = {isa = PBXFileReference; lastKnownFileType = file; path = left_down_3.mp4; sourceTree = "<group>"; };
		3B6A9FFB23427C13000CED49 /* right_up_2.mp4 */ = {isa = PBXFileReference; lastKnownFileType = file; path = right_up_2.mp4; sourceTree = "<group>"; };
		3B6A9FFC23427C13000CED49 /* up_2.mp4 */ = {isa = PBXFileReference; lastKnownFileType = file; path = up_2.mp4; sourceTree = "<group>"; };
		3B6AA00F234291FF000CED49 /* Podfile */ = {isa = PBXFileReference; lastKnownFileType = text; path = Podfile; sourceTree = SOURCE_ROOT; xcLanguageSpecificationIdentifier = xcode.lang.ruby; };
		3B6C698B23A0227B0082AFF5 /* BaseAppDelegate.swift */ = {isa = PBXFileReference; fileEncoding = 4; lastKnownFileType = sourcecode.swift; name = BaseAppDelegate.swift; path = "Ver-ID Sample/BaseAppDelegate.swift"; sourceTree = SOURCE_ROOT; };
		3B86C3B422F39DFE00FA9FC7 /* VerIDSessionViewDelegate.swift */ = {isa = PBXFileReference; fileEncoding = 4; lastKnownFileType = sourcecode.swift; path = VerIDSessionViewDelegate.swift; sourceTree = "<group>"; };
		3B8C109E240D87900087ACA5 /* Globals.swift */ = {isa = PBXFileReference; fileEncoding = 4; lastKnownFileType = sourcecode.swift; path = Globals.swift; sourceTree = "<group>"; };
		3B9849AC2406C08300DF2B5F /* Ver-ID identity.p12 */ = {isa = PBXFileReference; lastKnownFileType = file; path = "Ver-ID identity.p12"; sourceTree = "<group>"; };
		3B9849AE2408494100DF2B5F /* Rx-Ver-ID.podspec */ = {isa = PBXFileReference; lastKnownFileType = text; name = "Rx-Ver-ID.podspec"; path = "VerIDUI/Rx-Ver-ID.podspec"; sourceTree = SOURCE_ROOT; };
		3B9849AF2408534C00DF2B5F /* Pods_VerIDUI.framework */ = {isa = PBXFileReference; explicitFileType = wrapper.framework; path = Pods_VerIDUI.framework; sourceTree = BUILT_PRODUCTS_DIR; };
		3B9849B02408535C00DF2B5F /* Pods_VerIDUI.framework */ = {isa = PBXFileReference; explicitFileType = wrapper.framework; path = Pods_VerIDUI.framework; sourceTree = BUILT_PRODUCTS_DIR; };
		3BB2044E221425BE00B3B312 /* MainViewController.swift */ = {isa = PBXFileReference; fileEncoding = 4; lastKnownFileType = sourcecode.swift; path = MainViewController.swift; sourceTree = "<group>"; };
		3BB2044F221425BE00B3B312 /* VerIDUser.swift */ = {isa = PBXFileReference; fileEncoding = 4; lastKnownFileType = sourcecode.swift; path = VerIDUser.swift; sourceTree = "<group>"; };
		3BB20451221425BE00B3B312 /* ExportCodeViewController.swift */ = {isa = PBXFileReference; fileEncoding = 4; lastKnownFileType = sourcecode.swift; path = ExportCodeViewController.swift; sourceTree = "<group>"; };
		3BB20452221425BE00B3B312 /* RegistrationData.swift */ = {isa = PBXFileReference; fileEncoding = 4; lastKnownFileType = sourcecode.swift; path = RegistrationData.swift; sourceTree = "<group>"; };
		3BB20453221425BF00B3B312 /* RegistrationDownloading.swift */ = {isa = PBXFileReference; fileEncoding = 4; lastKnownFileType = sourcecode.swift; path = RegistrationDownloading.swift; sourceTree = "<group>"; };
		3BB20454221425BF00B3B312 /* QRCodeScanViewController.swift */ = {isa = PBXFileReference; fileEncoding = 4; lastKnownFileType = sourcecode.swift; path = QRCodeScanViewController.swift; sourceTree = "<group>"; };
		3BB20456221425BF00B3B312 /* IntroViewController.swift */ = {isa = PBXFileReference; fileEncoding = 4; lastKnownFileType = sourcecode.swift; path = IntroViewController.swift; sourceTree = "<group>"; };
		3BB20457221425BF00B3B312 /* RegistrationUploading.swift */ = {isa = PBXFileReference; fileEncoding = 4; lastKnownFileType = sourcecode.swift; path = RegistrationUploading.swift; sourceTree = "<group>"; };
		3BB20458221425BF00B3B312 /* RegistrationImportViewController.swift */ = {isa = PBXFileReference; fileEncoding = 4; lastKnownFileType = sourcecode.swift; path = RegistrationImportViewController.swift; sourceTree = "<group>"; };
		3BB20459221425BF00B3B312 /* ErrorViewController.swift */ = {isa = PBXFileReference; fileEncoding = 4; lastKnownFileType = sourcecode.swift; path = ErrorViewController.swift; sourceTree = "<group>"; };
		3BB204662214263600B3B312 /* AppDelegate.swift */ = {isa = PBXFileReference; fileEncoding = 4; lastKnownFileType = sourcecode.swift; path = AppDelegate.swift; sourceTree = "<group>"; };
		3BB20469221428AE00B3B312 /* Base */ = {isa = PBXFileReference; lastKnownFileType = file.storyboard; name = Base; path = Base.lproj/LaunchScreen.storyboard; sourceTree = "<group>"; };
		3BB2046C221428B900B3B312 /* Base */ = {isa = PBXFileReference; lastKnownFileType = file.storyboard; name = Base; path = Base.lproj/Main.storyboard; sourceTree = "<group>"; };
		3BC55B6B2236E37E00BCDD9D /* CameraViewController.swift */ = {isa = PBXFileReference; fileEncoding = 4; lastKnownFileType = sourcecode.swift; path = CameraViewController.swift; sourceTree = "<group>"; };
		3BE9F365220AF125002C11BE /* Ver-ID Sample.app */ = {isa = PBXFileReference; explicitFileType = wrapper.application; includeInIndex = 0; path = "Ver-ID Sample.app"; sourceTree = BUILT_PRODUCTS_DIR; };
		3BE9F36E220AF128002C11BE /* Assets.xcassets */ = {isa = PBXFileReference; lastKnownFileType = folder.assetcatalog; path = Assets.xcassets; sourceTree = "<group>"; };
		3BE9F373220AF128002C11BE /* Info.plist */ = {isa = PBXFileReference; lastKnownFileType = text.plist.xml; path = Info.plist; sourceTree = "<group>"; };
		3BE9F3F7220AFD50002C11BE /* SessionViewControllersFactory.swift */ = {isa = PBXFileReference; lastKnownFileType = sourcecode.swift; path = SessionViewControllersFactory.swift; sourceTree = "<group>"; };
		499677290B5756B6FB4FE338 /* Pods-VerIDUI.debug.xcconfig */ = {isa = PBXFileReference; includeInIndex = 1; lastKnownFileType = text.xcconfig; name = "Pods-VerIDUI.debug.xcconfig"; path = "Pods/Target Support Files/Pods-VerIDUI/Pods-VerIDUI.debug.xcconfig"; sourceTree = "<group>"; };
		7CA955C3194E17CEC1D970F2 /* Pods-RxVerID.release.xcconfig */ = {isa = PBXFileReference; includeInIndex = 1; lastKnownFileType = text.xcconfig; name = "Pods-RxVerID.release.xcconfig"; path = "Pods/Target Support Files/Pods-RxVerID/Pods-RxVerID.release.xcconfig"; sourceTree = "<group>"; };
		96B14E144AE3E099363E49BB /* Pods_RxVerID.framework */ = {isa = PBXFileReference; explicitFileType = wrapper.framework; includeInIndex = 0; path = Pods_RxVerID.framework; sourceTree = BUILT_PRODUCTS_DIR; };
		A346AB21A2374F6B782D2223 /* Pods_Ver_ID_Sample.framework */ = {isa = PBXFileReference; explicitFileType = wrapper.framework; includeInIndex = 0; path = Pods_Ver_ID_Sample.framework; sourceTree = BUILT_PRODUCTS_DIR; };
		A391F7B4BFBD41A615FF8CA6 /* Pods-VerIDUI.release.xcconfig */ = {isa = PBXFileReference; includeInIndex = 1; lastKnownFileType = text.xcconfig; name = "Pods-VerIDUI.release.xcconfig"; path = "Pods/Target Support Files/Pods-VerIDUI/Pods-VerIDUI.release.xcconfig"; sourceTree = "<group>"; };
		D7389D23F4B809AD5ED755C9 /* Pods_VerIDUI.framework */ = {isa = PBXFileReference; explicitFileType = wrapper.framework; includeInIndex = 0; path = Pods_VerIDUI.framework; sourceTree = BUILT_PRODUCTS_DIR; };
		DAFC399C6685F9BB09C702C4 /* Pods-RxVerID.debug.xcconfig */ = {isa = PBXFileReference; includeInIndex = 1; lastKnownFileType = text.xcconfig; name = "Pods-RxVerID.debug.xcconfig"; path = "Pods/Target Support Files/Pods-RxVerID/Pods-RxVerID.debug.xcconfig"; sourceTree = "<group>"; };
		FF034C2E441D2D92F9DE909F /* Pods-Ver-ID Sample.release.xcconfig */ = {isa = PBXFileReference; includeInIndex = 1; lastKnownFileType = text.xcconfig; name = "Pods-Ver-ID Sample.release.xcconfig"; path = "Pods/Target Support Files/Pods-Ver-ID Sample/Pods-Ver-ID Sample.release.xcconfig"; sourceTree = "<group>"; };
/* End PBXFileReference section */

/* Begin PBXFrameworksBuildPhase section */
		3B326B1322089C88005DAE1E /* Frameworks */ = {
			isa = PBXFrameworksBuildPhase;
			buildActionMask = 2147483647;
			files = (
				3B9849B12408535C00DF2B5F /* Pods_VerIDUI.framework in Frameworks */,
			);
			runOnlyForDeploymentPostprocessing = 0;
		};
		3BE9F362220AF125002C11BE /* Frameworks */ = {
			isa = PBXFrameworksBuildPhase;
			buildActionMask = 2147483647;
			files = (
				3BE9F37B220AF8DC002C11BE /* VerIDUI.framework in Frameworks */,
				3B9849B42408588900DF2B5F /* Pods_Ver_ID_Sample.framework in Frameworks */,
			);
			runOnlyForDeploymentPostprocessing = 0;
		};
/* End PBXFrameworksBuildPhase section */

/* Begin PBXGroup section */
		3B326B0C22089C88005DAE1E = {
			isa = PBXGroup;
			children = (
				3B326B1822089C88005DAE1E /* VerIDUI */,
				3BE9F366220AF125002C11BE /* Ver-ID Sample */,
				3B326B1722089C88005DAE1E /* Products */,
				94170ABA6C56107F2BFDEB39 /* Pods */,
				8C808952AB38275225E61B6D /* Frameworks */,
			);
			sourceTree = "<group>";
		};
		3B326B1722089C88005DAE1E /* Products */ = {
			isa = PBXGroup;
			children = (
				3B326B1622089C88005DAE1E /* VerIDUI.framework */,
				3BE9F365220AF125002C11BE /* Ver-ID Sample.app */,
			);
			name = Products;
			sourceTree = "<group>";
		};
		3B326B1822089C88005DAE1E /* VerIDUI */ = {
			isa = PBXGroup;
			children = (
				3B3FF92223A10C9100156A59 /* Ver-ID-UI.podspec */,
				3B3FF91A23A10BA200156A59 /* FaceDetectionAlertController.xib */,
				3B3FF91B23A10BA200156A59 /* Result.storyboard */,
				3B3FF91923A10BA200156A59 /* Tips.storyboard */,
				3B3FF91C23A10BA200156A59 /* VerIDRegistrationViewController.xib */,
				3B3FF91823A10BA200156A59 /* VerIDViewController.xib */,
				3B6AA00F234291FF000CED49 /* Podfile */,
				3B326B1922089C88005DAE1E /* VerIDUI.h */,
				3B326B1A22089C88005DAE1E /* Info.plist */,
				3B6A70E42208BD8400B137C4 /* CameraPreviewView.swift */,
				3BC55B6B2236E37E00BCDD9D /* CameraViewController.swift */,
				3B6A70D92208BC3C00B137C4 /* FaceDetectionAlertController.swift */,
				3B6A70E32208BD8400B137C4 /* FaceOvalLayer.swift */,
				3B6A70E22208BD8300B137C4 /* PaddedRoundedLabel.swift */,
				3B6A70D42208BC3B00B137C4 /* ResultViewController.swift */,
				3B6A70EA2208C29300B137C4 /* Session.swift */,
				3BE9F3F7220AFD50002C11BE /* SessionViewControllersFactory.swift */,
				3B564B20234276ED008B3FCD /* TipPageViewController.swift */,
				3B6A70D32208BC3B00B137C4 /* TipsViewController.swift */,
				3B564B1F234276ED008B3FCD /* TranslatedStrings.swift */,
				3B6A70D82208BC3C00B137C4 /* VerIDRegistrationViewController.swift */,
				3B86C3B422F39DFE00FA9FC7 /* VerIDSessionViewDelegate.swift */,
				3B6A70D52208BC3B00B137C4 /* VerIDViewController.swift */,
				3B6A70EC2208CCCF00B137C4 /* VerIDViewControllerDelegate.swift */,
				3B56E808220B668700004F94 /* Media.xcassets */,
				3B564B30234277E9008B3FCD /* Localization */,
				3B56E812220B675D00004F94 /* Video */,
			);
			path = VerIDUI;
			sourceTree = "<group>";
		};
		3B564B30234277E9008B3FCD /* Localization */ = {
			isa = PBXGroup;
			children = (
				3B564B32234277FB008B3FCD /* es_US.xml */,
				3B564B31234277FB008B3FCD /* fr_CA.xml */,
				3B564B33234277FB008B3FCD /* vi.xml */,
			);
			name = Localization;
			sourceTree = "<group>";
		};
		3B56E812220B675D00004F94 /* Video */ = {
			isa = PBXGroup;
			children = (
				3B6A9FF923427C12000CED49 /* down_2.mp4 */,
				3B6A9FF423427C12000CED49 /* down_3.mp4 */,
				3B6A9FEC23427C12000CED49 /* left_2.mp4 */,
				3B6A9FF223427C12000CED49 /* left_3.mp4 */,
				3B6A9FF723427C12000CED49 /* left_down_2.mp4 */,
				3B6A9FFA23427C13000CED49 /* left_down_3.mp4 */,
				3B6A9FF323427C12000CED49 /* left_up_2.mp4 */,
				3B6A9FF523427C12000CED49 /* left_up_3.mp4 */,
				3B6A9FED23427C12000CED49 /* right_2.mp4 */,
				3B6A9FF823427C12000CED49 /* right_3.mp4 */,
				3B6A9FEB23427C12000CED49 /* right_down_2.mp4 */,
				3B6A9FF623427C12000CED49 /* right_down_3.mp4 */,
				3B6A9FFB23427C13000CED49 /* right_up_2.mp4 */,
				3B6A9FF023427C12000CED49 /* right_up_3.mp4 */,
				3B6A9FFC23427C13000CED49 /* up_2.mp4 */,
				3B6A9FEF23427C12000CED49 /* up_3.mp4 */,
				3B6A9FEE23427C12000CED49 /* up_to_centre_2.mp4 */,
				3B6A9FF123427C12000CED49 /* up_to_centre_3.mp4 */,
				3B56E80A220B674D00004F94 /* liveness_detection_2.mp4 */,
				3B56E80B220B674D00004F94 /* liveness_detection_3.mp4 */,
				3B56E80C220B674D00004F94 /* registration_2.mp4 */,
				3B56E80D220B674E00004F94 /* registration_3.mp4 */,
			);
			path = Video;
			sourceTree = "<group>";
		};
		3BE9F366220AF125002C11BE /* Ver-ID Sample */ = {
			isa = PBXGroup;
			children = (
				3B8C109E240D87900087ACA5 /* Globals.swift */,
				3B9849AE2408494100DF2B5F /* Rx-Ver-ID.podspec */,
				3B9849AC2406C08300DF2B5F /* Ver-ID identity.p12 */,
				3B6C698B23A0227B0082AFF5 /* BaseAppDelegate.swift */,
				3BB204662214263600B3B312 /* AppDelegate.swift */,
				3BB20459221425BF00B3B312 /* ErrorViewController.swift */,
				3BB20451221425BE00B3B312 /* ExportCodeViewController.swift */,
				3BB20456221425BF00B3B312 /* IntroViewController.swift */,
				3BB2046A221428AE00B3B312 /* LaunchScreen.storyboard */,
				3BB2046D221428B900B3B312 /* Main.storyboard */,
				3BB2044E221425BE00B3B312 /* MainViewController.swift */,
				3BB20454221425BF00B3B312 /* QRCodeScanViewController.swift */,
				3BB20452221425BE00B3B312 /* RegistrationData.swift */,
				3BB20453221425BF00B3B312 /* RegistrationDownloading.swift */,
				3BB20458221425BF00B3B312 /* RegistrationImportViewController.swift */,
				3BB20457221425BF00B3B312 /* RegistrationUploading.swift */,
				3BB2044F221425BE00B3B312 /* VerIDUser.swift */,
				3BE9F36E220AF128002C11BE /* Assets.xcassets */,
				3BE9F373220AF128002C11BE /* Info.plist */,
			);
			path = "Ver-ID Sample";
			sourceTree = "<group>";
		};
		8C808952AB38275225E61B6D /* Frameworks */ = {
			isa = PBXGroup;
			children = (
				3B9849B02408535C00DF2B5F /* Pods_VerIDUI.framework */,
				3B9849AF2408534C00DF2B5F /* Pods_VerIDUI.framework */,
				D7389D23F4B809AD5ED755C9 /* Pods_VerIDUI.framework */,
				96B14E144AE3E099363E49BB /* Pods_RxVerID.framework */,
				A346AB21A2374F6B782D2223 /* Pods_Ver_ID_Sample.framework */,
			);
			name = Frameworks;
			sourceTree = "<group>";
		};
		94170ABA6C56107F2BFDEB39 /* Pods */ = {
			isa = PBXGroup;
			children = (
				499677290B5756B6FB4FE338 /* Pods-VerIDUI.debug.xcconfig */,
				A391F7B4BFBD41A615FF8CA6 /* Pods-VerIDUI.release.xcconfig */,
				DAFC399C6685F9BB09C702C4 /* Pods-RxVerID.debug.xcconfig */,
				7CA955C3194E17CEC1D970F2 /* Pods-RxVerID.release.xcconfig */,
				0BE6176FC74ECC936EE2200F /* Pods-Ver-ID Sample.debug.xcconfig */,
				FF034C2E441D2D92F9DE909F /* Pods-Ver-ID Sample.release.xcconfig */,
			);
			name = Pods;
			sourceTree = "<group>";
		};
/* End PBXGroup section */

/* Begin PBXHeadersBuildPhase section */
		3B326B1122089C88005DAE1E /* Headers */ = {
			isa = PBXHeadersBuildPhase;
			buildActionMask = 2147483647;
			files = (
				3B326B1B22089C88005DAE1E /* VerIDUI.h in Headers */,
			);
			runOnlyForDeploymentPostprocessing = 0;
		};
/* End PBXHeadersBuildPhase section */

/* Begin PBXNativeTarget section */
		3B326B1522089C88005DAE1E /* VerIDUI */ = {
			isa = PBXNativeTarget;
			buildConfigurationList = 3B326B1E22089C88005DAE1E /* Build configuration list for PBXNativeTarget "VerIDUI" */;
			buildPhases = (
				DFBE92CAC3F3BBFCDB1F1A9D /* [CP] Check Pods Manifest.lock */,
				3B326B1122089C88005DAE1E /* Headers */,
				3B326B1222089C88005DAE1E /* Sources */,
				3B326B1322089C88005DAE1E /* Frameworks */,
				3B326B1422089C88005DAE1E /* Resources */,
			);
			buildRules = (
			);
			dependencies = (
			);
			name = VerIDUI;
			productName = VerIDUI;
			productReference = 3B326B1622089C88005DAE1E /* VerIDUI.framework */;
			productType = "com.apple.product-type.framework";
		};
		3BE9F364220AF125002C11BE /* Ver-ID Sample */ = {
			isa = PBXNativeTarget;
			buildConfigurationList = 3BE9F374220AF128002C11BE /* Build configuration list for PBXNativeTarget "Ver-ID Sample" */;
			buildPhases = (
				5DF17749C21B4F51F2CDA98C /* [CP] Check Pods Manifest.lock */,
				3BE9F361220AF125002C11BE /* Sources */,
				3BE9F362220AF125002C11BE /* Frameworks */,
				3BE9F363220AF125002C11BE /* Resources */,
				3BE9F37D220AF8DD002C11BE /* Embed Frameworks */,
				E6D41C197F6DDCE774626280 /* [CP] Embed Pods Frameworks */,
			);
			buildRules = (
			);
			dependencies = (
				3BE9F378220AF165002C11BE /* PBXTargetDependency */,
			);
			name = "Ver-ID Sample";
			productName = "Ver-ID Sample";
			productReference = 3BE9F365220AF125002C11BE /* Ver-ID Sample.app */;
			productType = "com.apple.product-type.application";
		};
/* End PBXNativeTarget section */

/* Begin PBXProject section */
		3B326B0D22089C88005DAE1E /* Project object */ = {
			isa = PBXProject;
			attributes = {
				LastSwiftUpdateCheck = 1010;
				LastUpgradeCheck = 1010;
				ORGANIZATIONNAME = "Applied Recognition";
				TargetAttributes = {
					3B326B1522089C88005DAE1E = {
						CreatedOnToolsVersion = 10.1;
						LastSwiftMigration = 1020;
					};
					3BE9F364220AF125002C11BE = {
						CreatedOnToolsVersion = 10.1;
						LastSwiftMigration = 1020;
					};
				};
			};
			buildConfigurationList = 3B326B1022089C88005DAE1E /* Build configuration list for PBXProject "VerIDUI" */;
			compatibilityVersion = "Xcode 9.3";
			developmentRegion = en;
			hasScannedForEncodings = 0;
			knownRegions = (
				en,
				Base,
			);
			mainGroup = 3B326B0C22089C88005DAE1E;
			productRefGroup = 3B326B1722089C88005DAE1E /* Products */;
			projectDirPath = "";
			projectRoot = "";
			targets = (
				3B326B1522089C88005DAE1E /* VerIDUI */,
				3BE9F364220AF125002C11BE /* Ver-ID Sample */,
			);
		};
/* End PBXProject section */

/* Begin PBXResourcesBuildPhase section */
		3B326B1422089C88005DAE1E /* Resources */ = {
			isa = PBXResourcesBuildPhase;
			buildActionMask = 2147483647;
			files = (
				3B6AA00523427C13000CED49 /* left_up_2.mp4 in Resources */,
				3B6AA00623427C13000CED49 /* down_3.mp4 in Resources */,
				3B564B36234277FB008B3FCD /* vi.xml in Resources */,
				3B56E809220B668700004F94 /* Media.xcassets in Resources */,
				3B56E810220B674E00004F94 /* registration_2.mp4 in Resources */,
				3B3FF91F23A10BA200156A59 /* FaceDetectionAlertController.xib in Resources */,
				3B6AA00323427C13000CED49 /* up_to_centre_3.mp4 in Resources */,
				3B3FF91E23A10BA200156A59 /* Tips.storyboard in Resources */,
				3B3FF92123A10BA200156A59 /* VerIDRegistrationViewController.xib in Resources */,
				3B6AA00A23427C13000CED49 /* right_3.mp4 in Resources */,
				3B6AA00C23427C13000CED49 /* left_down_3.mp4 in Resources */,
				3B564B34234277FB008B3FCD /* fr_CA.xml in Resources */,
				3B6AA00D23427C13000CED49 /* right_up_2.mp4 in Resources */,
				3B56E80F220B674E00004F94 /* liveness_detection_3.mp4 in Resources */,
				3B6A9FFF23427C13000CED49 /* right_2.mp4 in Resources */,
				3B6AA00723427C13000CED49 /* left_up_3.mp4 in Resources */,
				3B56E811220B674E00004F94 /* registration_3.mp4 in Resources */,
				3B6AA00423427C13000CED49 /* left_3.mp4 in Resources */,
				3B6AA00223427C13000CED49 /* right_up_3.mp4 in Resources */,
				3B3FF91D23A10BA200156A59 /* VerIDViewController.xib in Resources */,
				3B6A9FFE23427C13000CED49 /* left_2.mp4 in Resources */,
				3B6A9FFD23427C13000CED49 /* right_down_2.mp4 in Resources */,
				3B6AA00E23427C13000CED49 /* up_2.mp4 in Resources */,
				3B6AA00823427C13000CED49 /* right_down_3.mp4 in Resources */,
				3B56E80E220B674E00004F94 /* liveness_detection_2.mp4 in Resources */,
				3B564B35234277FB008B3FCD /* es_US.xml in Resources */,
				3B3FF92023A10BA200156A59 /* Result.storyboard in Resources */,
				3B6AA00123427C13000CED49 /* up_3.mp4 in Resources */,
				3B6AA00023427C13000CED49 /* up_to_centre_2.mp4 in Resources */,
				3B6AA00B23427C13000CED49 /* down_2.mp4 in Resources */,
				3B6AA00923427C13000CED49 /* left_down_2.mp4 in Resources */,
			);
			runOnlyForDeploymentPostprocessing = 0;
		};
		3BE9F363220AF125002C11BE /* Resources */ = {
			isa = PBXResourcesBuildPhase;
			buildActionMask = 2147483647;
			files = (
				3BE9F36F220AF128002C11BE /* Assets.xcassets in Resources */,
				3B9849AD2406C08300DF2B5F /* Ver-ID identity.p12 in Resources */,
				3BB2046B221428B900B3B312 /* Main.storyboard in Resources */,
				3BB20468221428AE00B3B312 /* LaunchScreen.storyboard in Resources */,
			);
			runOnlyForDeploymentPostprocessing = 0;
		};
/* End PBXResourcesBuildPhase section */

/* Begin PBXShellScriptBuildPhase section */
		5DF17749C21B4F51F2CDA98C /* [CP] Check Pods Manifest.lock */ = {
			isa = PBXShellScriptBuildPhase;
			buildActionMask = 2147483647;
			files = (
			);
			inputFileListPaths = (
			);
			inputPaths = (
				"${PODS_PODFILE_DIR_PATH}/Podfile.lock",
				"${PODS_ROOT}/Manifest.lock",
			);
			name = "[CP] Check Pods Manifest.lock";
			outputFileListPaths = (
			);
			outputPaths = (
				"$(DERIVED_FILE_DIR)/Pods-Ver-ID Sample-checkManifestLockResult.txt",
			);
			runOnlyForDeploymentPostprocessing = 0;
			shellPath = /bin/sh;
			shellScript = "diff \"${PODS_PODFILE_DIR_PATH}/Podfile.lock\" \"${PODS_ROOT}/Manifest.lock\" > /dev/null\nif [ $? != 0 ] ; then\n    # print error to STDERR\n    echo \"error: The sandbox is not in sync with the Podfile.lock. Run 'pod install' or update your CocoaPods installation.\" >&2\n    exit 1\nfi\n# This output is used by Xcode 'outputs' to avoid re-running this script phase.\necho \"SUCCESS\" > \"${SCRIPT_OUTPUT_FILE_0}\"\n";
			showEnvVarsInLog = 0;
		};
		DFBE92CAC3F3BBFCDB1F1A9D /* [CP] Check Pods Manifest.lock */ = {
			isa = PBXShellScriptBuildPhase;
			buildActionMask = 2147483647;
			files = (
			);
			inputPaths = (
				"${PODS_PODFILE_DIR_PATH}/Podfile.lock",
				"${PODS_ROOT}/Manifest.lock",
			);
			name = "[CP] Check Pods Manifest.lock";
			outputPaths = (
				"$(DERIVED_FILE_DIR)/Pods-VerIDUI-checkManifestLockResult.txt",
			);
			runOnlyForDeploymentPostprocessing = 0;
			shellPath = /bin/sh;
			shellScript = "diff \"${PODS_PODFILE_DIR_PATH}/Podfile.lock\" \"${PODS_ROOT}/Manifest.lock\" > /dev/null\nif [ $? != 0 ] ; then\n    # print error to STDERR\n    echo \"error: The sandbox is not in sync with the Podfile.lock. Run 'pod install' or update your CocoaPods installation.\" >&2\n    exit 1\nfi\n# This output is used by Xcode 'outputs' to avoid re-running this script phase.\necho \"SUCCESS\" > \"${SCRIPT_OUTPUT_FILE_0}\"\n";
			showEnvVarsInLog = 0;
		};
		E6D41C197F6DDCE774626280 /* [CP] Embed Pods Frameworks */ = {
			isa = PBXShellScriptBuildPhase;
			buildActionMask = 2147483647;
			files = (
			);
			inputFileListPaths = (
				"${PODS_ROOT}/Target Support Files/Pods-Ver-ID Sample/Pods-Ver-ID Sample-frameworks-${CONFIGURATION}-input-files.xcfilelist",
			);
			name = "[CP] Embed Pods Frameworks";
			outputFileListPaths = (
				"${PODS_ROOT}/Target Support Files/Pods-Ver-ID Sample/Pods-Ver-ID Sample-frameworks-${CONFIGURATION}-output-files.xcfilelist",
			);
			runOnlyForDeploymentPostprocessing = 0;
			shellPath = /bin/sh;
			shellScript = "\"${PODS_ROOT}/Target Support Files/Pods-Ver-ID Sample/Pods-Ver-ID Sample-frameworks.sh\"\n";
			showEnvVarsInLog = 0;
		};
/* End PBXShellScriptBuildPhase section */

/* Begin PBXSourcesBuildPhase section */
		3B326B1222089C88005DAE1E /* Sources */ = {
			isa = PBXSourcesBuildPhase;
			buildActionMask = 2147483647;
			files = (
				3BE9F3F8220AFD50002C11BE /* SessionViewControllersFactory.swift in Sources */,
				3B86C3B522F39DFE00FA9FC7 /* VerIDSessionViewDelegate.swift in Sources */,
				3B6A70E72208BD8400B137C4 /* FaceOvalLayer.swift in Sources */,
				3B564B22234276EE008B3FCD /* TipPageViewController.swift in Sources */,
				3B6A70ED2208CCCF00B137C4 /* VerIDViewControllerDelegate.swift in Sources */,
				3B6A70DA2208BC3C00B137C4 /* TipsViewController.swift in Sources */,
				3B6A70E82208BD8400B137C4 /* CameraPreviewView.swift in Sources */,
				3BC55B6C2236E37E00BCDD9D /* CameraViewController.swift in Sources */,
				3B6A70E02208BC3C00B137C4 /* FaceDetectionAlertController.swift in Sources */,
				3B6A70E62208BD8400B137C4 /* PaddedRoundedLabel.swift in Sources */,
				3B6A70EB2208C29300B137C4 /* Session.swift in Sources */,
				3B6A70DC2208BC3C00B137C4 /* VerIDViewController.swift in Sources */,
				3B6A70DF2208BC3C00B137C4 /* VerIDRegistrationViewController.swift in Sources */,
				3B564B21234276EE008B3FCD /* TranslatedStrings.swift in Sources */,
				3B6A70DB2208BC3C00B137C4 /* ResultViewController.swift in Sources */,
			);
			runOnlyForDeploymentPostprocessing = 0;
		};
		3BE9F361220AF125002C11BE /* Sources */ = {
			isa = PBXSourcesBuildPhase;
			buildActionMask = 2147483647;
			files = (
				3BB204672214263600B3B312 /* AppDelegate.swift in Sources */,
				3BB2045F221425BF00B3B312 /* RegistrationDownloading.swift in Sources */,
				3BB20463221425BF00B3B312 /* RegistrationUploading.swift in Sources */,
				3BB2045D221425BF00B3B312 /* ExportCodeViewController.swift in Sources */,
				3BB20464221425BF00B3B312 /* RegistrationImportViewController.swift in Sources */,
				3BB20465221425BF00B3B312 /* ErrorViewController.swift in Sources */,
				3B8C109F240D87900087ACA5 /* Globals.swift in Sources */,
				3BB20460221425BF00B3B312 /* QRCodeScanViewController.swift in Sources */,
				3BB2045A221425BF00B3B312 /* MainViewController.swift in Sources */,
				3BB2045E221425BF00B3B312 /* RegistrationData.swift in Sources */,
				3BB2045B221425BF00B3B312 /* VerIDUser.swift in Sources */,
				3BB20462221425BF00B3B312 /* IntroViewController.swift in Sources */,
				3B6C698C23A0227B0082AFF5 /* BaseAppDelegate.swift in Sources */,
			);
			runOnlyForDeploymentPostprocessing = 0;
		};
/* End PBXSourcesBuildPhase section */

/* Begin PBXTargetDependency section */
		3BE9F378220AF165002C11BE /* PBXTargetDependency */ = {
			isa = PBXTargetDependency;
			target = 3B326B1522089C88005DAE1E /* VerIDUI */;
			targetProxy = 3BE9F377220AF165002C11BE /* PBXContainerItemProxy */;
		};
/* End PBXTargetDependency section */

/* Begin PBXVariantGroup section */
		3BB2046A221428AE00B3B312 /* LaunchScreen.storyboard */ = {
			isa = PBXVariantGroup;
			children = (
				3BB20469221428AE00B3B312 /* Base */,
			);
			name = LaunchScreen.storyboard;
			sourceTree = "<group>";
		};
		3BB2046D221428B900B3B312 /* Main.storyboard */ = {
			isa = PBXVariantGroup;
			children = (
				3BB2046C221428B900B3B312 /* Base */,
			);
			name = Main.storyboard;
			sourceTree = "<group>";
		};
/* End PBXVariantGroup section */

/* Begin XCBuildConfiguration section */
		3B326B1C22089C88005DAE1E /* Debug */ = {
			isa = XCBuildConfiguration;
			buildSettings = {
				ALWAYS_SEARCH_USER_PATHS = NO;
				CLANG_ANALYZER_NONNULL = YES;
				CLANG_ANALYZER_NUMBER_OBJECT_CONVERSION = YES_AGGRESSIVE;
				CLANG_CXX_LANGUAGE_STANDARD = "gnu++14";
				CLANG_CXX_LIBRARY = "libc++";
				CLANG_ENABLE_MODULES = YES;
				CLANG_ENABLE_OBJC_ARC = YES;
				CLANG_ENABLE_OBJC_WEAK = YES;
				CLANG_WARN_BLOCK_CAPTURE_AUTORELEASING = YES;
				CLANG_WARN_BOOL_CONVERSION = YES;
				CLANG_WARN_COMMA = YES;
				CLANG_WARN_CONSTANT_CONVERSION = YES;
				CLANG_WARN_DEPRECATED_OBJC_IMPLEMENTATIONS = YES;
				CLANG_WARN_DIRECT_OBJC_ISA_USAGE = YES_ERROR;
				CLANG_WARN_DOCUMENTATION_COMMENTS = YES;
				CLANG_WARN_EMPTY_BODY = YES;
				CLANG_WARN_ENUM_CONVERSION = YES;
				CLANG_WARN_INFINITE_RECURSION = YES;
				CLANG_WARN_INT_CONVERSION = YES;
				CLANG_WARN_NON_LITERAL_NULL_CONVERSION = YES;
				CLANG_WARN_OBJC_IMPLICIT_RETAIN_SELF = YES;
				CLANG_WARN_OBJC_LITERAL_CONVERSION = YES;
				CLANG_WARN_OBJC_ROOT_CLASS = YES_ERROR;
				CLANG_WARN_RANGE_LOOP_ANALYSIS = YES;
				CLANG_WARN_STRICT_PROTOTYPES = YES;
				CLANG_WARN_SUSPICIOUS_MOVE = YES;
				CLANG_WARN_UNGUARDED_AVAILABILITY = YES_AGGRESSIVE;
				CLANG_WARN_UNREACHABLE_CODE = YES;
				CLANG_WARN__DUPLICATE_METHOD_MATCH = YES;
				CODE_SIGN_IDENTITY = "iPhone Developer";
				COPY_PHASE_STRIP = NO;
				CURRENT_PROJECT_VERSION = 1;
				DEBUG_INFORMATION_FORMAT = dwarf;
				ENABLE_STRICT_OBJC_MSGSEND = YES;
				ENABLE_TESTABILITY = YES;
				GCC_C_LANGUAGE_STANDARD = gnu11;
				GCC_DYNAMIC_NO_PIC = NO;
				GCC_NO_COMMON_BLOCKS = YES;
				GCC_OPTIMIZATION_LEVEL = 0;
				GCC_PREPROCESSOR_DEFINITIONS = (
					"DEBUG=1",
					"$(inherited)",
				);
				GCC_WARN_64_TO_32_BIT_CONVERSION = YES;
				GCC_WARN_ABOUT_RETURN_TYPE = YES_ERROR;
				GCC_WARN_UNDECLARED_SELECTOR = YES;
				GCC_WARN_UNINITIALIZED_AUTOS = YES_AGGRESSIVE;
				GCC_WARN_UNUSED_FUNCTION = YES;
				GCC_WARN_UNUSED_VARIABLE = YES;
				IPHONEOS_DEPLOYMENT_TARGET = 10.0;
				MARKETING_VERSION = 1.12.0;
				MTL_ENABLE_DEBUG_INFO = INCLUDE_SOURCE;
				MTL_FAST_MATH = YES;
				ONLY_ACTIVE_ARCH = YES;
				SDKROOT = iphoneos;
				SWIFT_ACTIVE_COMPILATION_CONDITIONS = DEBUG;
				SWIFT_OPTIMIZATION_LEVEL = "-Onone";
				VERID_SDK_VERSION = 1.8.0;
				VERSIONING_SYSTEM = "apple-generic";
				VERSION_INFO_PREFIX = "";
			};
			name = Debug;
		};
		3B326B1D22089C88005DAE1E /* Release */ = {
			isa = XCBuildConfiguration;
			buildSettings = {
				ALWAYS_SEARCH_USER_PATHS = NO;
				CLANG_ANALYZER_NONNULL = YES;
				CLANG_ANALYZER_NUMBER_OBJECT_CONVERSION = YES_AGGRESSIVE;
				CLANG_CXX_LANGUAGE_STANDARD = "gnu++14";
				CLANG_CXX_LIBRARY = "libc++";
				CLANG_ENABLE_MODULES = YES;
				CLANG_ENABLE_OBJC_ARC = YES;
				CLANG_ENABLE_OBJC_WEAK = YES;
				CLANG_WARN_BLOCK_CAPTURE_AUTORELEASING = YES;
				CLANG_WARN_BOOL_CONVERSION = YES;
				CLANG_WARN_COMMA = YES;
				CLANG_WARN_CONSTANT_CONVERSION = YES;
				CLANG_WARN_DEPRECATED_OBJC_IMPLEMENTATIONS = YES;
				CLANG_WARN_DIRECT_OBJC_ISA_USAGE = YES_ERROR;
				CLANG_WARN_DOCUMENTATION_COMMENTS = YES;
				CLANG_WARN_EMPTY_BODY = YES;
				CLANG_WARN_ENUM_CONVERSION = YES;
				CLANG_WARN_INFINITE_RECURSION = YES;
				CLANG_WARN_INT_CONVERSION = YES;
				CLANG_WARN_NON_LITERAL_NULL_CONVERSION = YES;
				CLANG_WARN_OBJC_IMPLICIT_RETAIN_SELF = YES;
				CLANG_WARN_OBJC_LITERAL_CONVERSION = YES;
				CLANG_WARN_OBJC_ROOT_CLASS = YES_ERROR;
				CLANG_WARN_RANGE_LOOP_ANALYSIS = YES;
				CLANG_WARN_STRICT_PROTOTYPES = YES;
				CLANG_WARN_SUSPICIOUS_MOVE = YES;
				CLANG_WARN_UNGUARDED_AVAILABILITY = YES_AGGRESSIVE;
				CLANG_WARN_UNREACHABLE_CODE = YES;
				CLANG_WARN__DUPLICATE_METHOD_MATCH = YES;
				CODE_SIGN_IDENTITY = "iPhone Developer";
				COPY_PHASE_STRIP = NO;
				CURRENT_PROJECT_VERSION = 1;
				DEBUG_INFORMATION_FORMAT = "dwarf-with-dsym";
				ENABLE_NS_ASSERTIONS = NO;
				ENABLE_STRICT_OBJC_MSGSEND = YES;
				GCC_C_LANGUAGE_STANDARD = gnu11;
				GCC_NO_COMMON_BLOCKS = YES;
				GCC_WARN_64_TO_32_BIT_CONVERSION = YES;
				GCC_WARN_ABOUT_RETURN_TYPE = YES_ERROR;
				GCC_WARN_UNDECLARED_SELECTOR = YES;
				GCC_WARN_UNINITIALIZED_AUTOS = YES_AGGRESSIVE;
				GCC_WARN_UNUSED_FUNCTION = YES;
				GCC_WARN_UNUSED_VARIABLE = YES;
				IPHONEOS_DEPLOYMENT_TARGET = 10.0;
				MARKETING_VERSION = 1.12.0;
				MTL_ENABLE_DEBUG_INFO = NO;
				MTL_FAST_MATH = YES;
				SDKROOT = iphoneos;
				SWIFT_COMPILATION_MODE = wholemodule;
				SWIFT_OPTIMIZATION_LEVEL = "-O";
				VALIDATE_PRODUCT = YES;
				VERID_SDK_VERSION = 1.8.0;
				VERSIONING_SYSTEM = "apple-generic";
				VERSION_INFO_PREFIX = "";
			};
			name = Release;
		};
		3B326B1F22089C88005DAE1E /* Debug */ = {
			isa = XCBuildConfiguration;
			baseConfigurationReference = 499677290B5756B6FB4FE338 /* Pods-VerIDUI.debug.xcconfig */;
			buildSettings = {
				CLANG_ENABLE_MODULES = YES;
				CODE_SIGN_IDENTITY = "";
				CODE_SIGN_STYLE = Automatic;
				DEFINES_MODULE = YES;
				DEVELOPMENT_TEAM = CSD8L9EK66;
				DYLIB_COMPATIBILITY_VERSION = 1;
				DYLIB_CURRENT_VERSION = 1;
				DYLIB_INSTALL_NAME_BASE = "@rpath";
				INFOPLIST_FILE = VerIDUI/Info.plist;
				INSTALL_PATH = "$(LOCAL_LIBRARY_DIR)/Frameworks";
				LD_RUNPATH_SEARCH_PATHS = (
					"$(inherited)",
					"@executable_path/Frameworks",
					"@loader_path/Frameworks",
				);
				PRODUCT_BUNDLE_IDENTIFIER = com.appliedrec.verid.ui;
				PRODUCT_NAME = "$(TARGET_NAME:c99extidentifier)";
				SKIP_INSTALL = YES;
				SWIFT_OPTIMIZATION_LEVEL = "-Onone";
				SWIFT_VERSION = 5.0;
				TARGETED_DEVICE_FAMILY = "1,2";
			};
			name = Debug;
		};
		3B326B2022089C88005DAE1E /* Release */ = {
			isa = XCBuildConfiguration;
			baseConfigurationReference = A391F7B4BFBD41A615FF8CA6 /* Pods-VerIDUI.release.xcconfig */;
			buildSettings = {
				CLANG_ENABLE_MODULES = YES;
				CODE_SIGN_IDENTITY = "";
				CODE_SIGN_STYLE = Automatic;
				DEFINES_MODULE = YES;
				DEVELOPMENT_TEAM = CSD8L9EK66;
				DYLIB_COMPATIBILITY_VERSION = 1;
				DYLIB_CURRENT_VERSION = 1;
				DYLIB_INSTALL_NAME_BASE = "@rpath";
				INFOPLIST_FILE = VerIDUI/Info.plist;
				INSTALL_PATH = "$(LOCAL_LIBRARY_DIR)/Frameworks";
				LD_RUNPATH_SEARCH_PATHS = (
					"$(inherited)",
					"@executable_path/Frameworks",
					"@loader_path/Frameworks",
				);
				PRODUCT_BUNDLE_IDENTIFIER = com.appliedrec.verid.ui;
				PRODUCT_NAME = "$(TARGET_NAME:c99extidentifier)";
				SKIP_INSTALL = YES;
				SWIFT_VERSION = 5.0;
				TARGETED_DEVICE_FAMILY = "1,2";
			};
			name = Release;
		};
		3BE9F375220AF128002C11BE /* Debug */ = {
			isa = XCBuildConfiguration;
			baseConfigurationReference = 0BE6176FC74ECC936EE2200F /* Pods-Ver-ID Sample.debug.xcconfig */;
			buildSettings = {
				ASSETCATALOG_COMPILER_APPICON_NAME = AppIcon;
				CODE_SIGN_STYLE = Automatic;
				CURRENT_PROJECT_VERSION = 4;
				DEVELOPMENT_TEAM = 3DPTJHF24M;
				INFOPLIST_FILE = "Ver-ID Sample/Info.plist";
				IPHONEOS_DEPLOYMENT_TARGET = 10.3;
				LD_RUNPATH_SEARCH_PATHS = (
					"$(inherited)",
					"@executable_path/Frameworks",
				);
				PRODUCT_BUNDLE_IDENTIFIER = "com.appliedrec.Ver-ID-Sample";
				PRODUCT_NAME = "$(TARGET_NAME)";
				SWIFT_VERSION = 5.0;
				TARGETED_DEVICE_FAMILY = "1,2";
				VERID_PASSWORD = "260b2fa5-996c-46fd-baa0-c841431314ee";
			};
			name = Debug;
		};
		3BE9F376220AF128002C11BE /* Release */ = {
			isa = XCBuildConfiguration;
			baseConfigurationReference = FF034C2E441D2D92F9DE909F /* Pods-Ver-ID Sample.release.xcconfig */;
			buildSettings = {
				ASSETCATALOG_COMPILER_APPICON_NAME = AppIcon;
				CODE_SIGN_STYLE = Automatic;
				CURRENT_PROJECT_VERSION = 4;
				DEVELOPMENT_TEAM = 3DPTJHF24M;
				INFOPLIST_FILE = "Ver-ID Sample/Info.plist";
				IPHONEOS_DEPLOYMENT_TARGET = 10.3;
				LD_RUNPATH_SEARCH_PATHS = (
					"$(inherited)",
					"@executable_path/Frameworks",
				);
				PRODUCT_BUNDLE_IDENTIFIER = "com.appliedrec.Ver-ID-Sample";
				PRODUCT_NAME = "$(TARGET_NAME)";
				SWIFT_VERSION = 5.0;
				TARGETED_DEVICE_FAMILY = "1,2";
				VERID_PASSWORD = "260b2fa5-996c-46fd-baa0-c841431314ee";
			};
			name = Release;
		};
/* End XCBuildConfiguration section */

/* Begin XCConfigurationList section */
		3B326B1022089C88005DAE1E /* Build configuration list for PBXProject "VerIDUI" */ = {
			isa = XCConfigurationList;
			buildConfigurations = (
				3B326B1C22089C88005DAE1E /* Debug */,
				3B326B1D22089C88005DAE1E /* Release */,
			);
			defaultConfigurationIsVisible = 0;
			defaultConfigurationName = Release;
		};
		3B326B1E22089C88005DAE1E /* Build configuration list for PBXNativeTarget "VerIDUI" */ = {
			isa = XCConfigurationList;
			buildConfigurations = (
				3B326B1F22089C88005DAE1E /* Debug */,
				3B326B2022089C88005DAE1E /* Release */,
			);
			defaultConfigurationIsVisible = 0;
			defaultConfigurationName = Release;
		};
		3BE9F374220AF128002C11BE /* Build configuration list for PBXNativeTarget "Ver-ID Sample" */ = {
			isa = XCConfigurationList;
			buildConfigurations = (
				3BE9F375220AF128002C11BE /* Debug */,
				3BE9F376220AF128002C11BE /* Release */,
			);
			defaultConfigurationIsVisible = 0;
			defaultConfigurationName = Release;
		};
/* End XCConfigurationList section */
	};
	rootObject = 3B326B0D22089C88005DAE1E /* Project object */;
}
