{
  "object": {
    "pins": [
      {
        "package": "FaceTemplateUtility",
        "repositoryURL": "https://github.com/AppliedRecognition/Face-Template-Utility-Apple",
        "state": {
          "branch": null,
          "revision": "e131f5607bc514a7ec2aae2f760201db0692a4bc",
          "version": "2.1.0"
        }
      }
    ]
  },
  "version": 1
}
